
Microsoft Visual Studio Solution File, Format Version 12.00
# Visual Studio Version 16
VisualStudioVersion = 25.0.1705.7
MinimumVisualStudioVersion = 10.0.40219.1
Project("{FAE04EC0-301F-11D3-BF4B-00C04F79EFBC}") = "examMVC", "examMVC\examMVC.csproj", "{A13D9666-274D-4C4C-B549-5324C083FEAC}"
EndProject
Global
	GlobalSection(SolutionConfigurationPlatforms) = preSolution
		Debug|Any CPU = Debug|Any CPU
		Release|Any CPU = Release|Any CPU
	EndGlobalSection
	GlobalSection(ProjectConfigurationPlatforms) = postSolution
		{A13D9666-274D-4C4C-B549-5324C083FEAC}.Debug|Any CPU.ActiveCfg = Debug|Any CPU
		{A13D9666-274D-4C4C-B549-5324C083FEAC}.Debug|Any CPU.Build.0 = Debug|Any CPU
		{A13D9666-274D-4C4C-B549-5324C083FEAC}.Release|Any CPU.ActiveCfg = Release|Any CPU
		{A13D9666-274D-4C4C-B549-5324C083FEAC}.Release|Any CPU.Build.0 = Release|Any CPU
	EndGlobalSection
	GlobalSection(SolutionProperties) = preSolution
		HideSolutionNode = FALSE
	EndGlobalSection
	GlobalSection(ExtensibilityGlobals) = postSolution
		SolutionGuid = {EAA228D4-FF2D-4F4A-881D-7D3642136977}
	EndGlobalSection
EndGlobal
